
Microsoft Visual Studio Solution File, Format Version 12.00
# Visual Studio Version 16
VisualStudioVersion = 16.0.31402.337
MinimumVisualStudioVersion = 10.0.40219.1
Project("{9A19103F-16F7-4668-BE54-9A1E7A4F7556}") = "yozepi.ConfigToJson", "yozepi.ConfigToJson\yozepi.ConfigToJson.csproj", "{C7A46FF2-E2DD-4877-BA59-4F8F14B0FE3C}"
EndProject
Project("{9A19103F-16F7-4668-BE54-9A1E7A4F7556}") = "yozepi.ConfigToJson.UnitTest", "yozepi.ConfigToJson.UnitTests\yozepi.ConfigToJson.UnitTest.csproj", "{63C154BE-9793-4589-BC67-5891BB3A4711}"
EndProject
Global
	GlobalSection(SolutionConfigurationPlatforms) = preSolution
		Debug|Any CPU = Debug|Any CPU
		Release|Any CPU = Release|Any CPU
	EndGlobalSection
	GlobalSection(ProjectConfigurationPlatforms) = postSolution
		{C7A46FF2-E2DD-4877-BA59-4F8F14B0FE3C}.Debug|Any CPU.ActiveCfg = Debug|Any CPU
		{C7A46FF2-E2DD-4877-BA59-4F8F14B0FE3C}.Debug|Any CPU.Build.0 = Debug|Any CPU
		{C7A46FF2-E2DD-4877-BA59-4F8F14B0FE3C}.Release|Any CPU.ActiveCfg = Release|Any CPU
		{C7A46FF2-E2DD-4877-BA59-4F8F14B0FE3C}.Release|Any CPU.Build.0 = Release|Any CPU
		{63C154BE-9793-4589-BC67-5891BB3A4711}.Debug|Any CPU.ActiveCfg = Debug|Any CPU
		{63C154BE-9793-4589-BC67-5891BB3A4711}.Debug|Any CPU.Build.0 = Debug|Any CPU
		{63C154BE-9793-4589-BC67-5891BB3A4711}.Release|Any CPU.ActiveCfg = Release|Any CPU
		{63C154BE-9793-4589-BC67-5891BB3A4711}.Release|Any CPU.Build.0 = Release|Any CPU
	EndGlobalSection
	GlobalSection(SolutionProperties) = preSolution
		HideSolutionNode = FALSE
	EndGlobalSection
	GlobalSection(ExtensibilityGlobals) = postSolution
		SolutionGuid = {805B3A3F-BF4B-4650-BE59-65424704B39B}
	EndGlobalSection
EndGlobal
